
Microsoft Visual Studio Solution File, Format Version 12.00
# Visual Studio 15
VisualStudioVersion = 15.0.28307.136
MinimumVisualStudioVersion = 10.0.40219.1
Project("{FAE04EC0-301F-11D3-BF4B-00C04F79EFBC}") = "AccountingClient.Core", "AccountingClient.Core\AccountingClient.Core.csproj", "{62647118-F7D2-4FC6-B26E-AAE8AB1F03F2}"
EndProject
Project("{FAE04EC0-301F-11D3-BF4B-00C04F79EFBC}") = "AccountingClient.Schema", "AccountingClient.Schema\AccountingClient.Schema.csproj", "{B433CB5F-15D1-4513-B790-073CE362DAFF}"
EndProject
Project("{FAE04EC0-301F-11D3-BF4B-00C04F79EFBC}") = "AccountingClient.UnitTest", "AccountingClient.UnitTest\AccountingClient.UnitTest.csproj", "{F02E162A-3731-45A1-81FD-505A87533C2F}"
EndProject
Global
	GlobalSection(SolutionConfigurationPlatforms) = preSolution
		Debug|Any CPU = Debug|Any CPU
		Release|Any CPU = Release|Any CPU
	EndGlobalSection
	GlobalSection(ProjectConfigurationPlatforms) = postSolution
		{62647118-F7D2-4FC6-B26E-AAE8AB1F03F2}.Debug|Any CPU.ActiveCfg = Debug|Any CPU
		{62647118-F7D2-4FC6-B26E-AAE8AB1F03F2}.Debug|Any CPU.Build.0 = Debug|Any CPU
		{62647118-F7D2-4FC6-B26E-AAE8AB1F03F2}.Release|Any CPU.ActiveCfg = Release|Any CPU
		{62647118-F7D2-4FC6-B26E-AAE8AB1F03F2}.Release|Any CPU.Build.0 = Release|Any CPU
		{B433CB5F-15D1-4513-B790-073CE362DAFF}.Debug|Any CPU.ActiveCfg = Debug|Any CPU
		{B433CB5F-15D1-4513-B790-073CE362DAFF}.Debug|Any CPU.Build.0 = Debug|Any CPU
		{B433CB5F-15D1-4513-B790-073CE362DAFF}.Release|Any CPU.ActiveCfg = Release|Any CPU
		{B433CB5F-15D1-4513-B790-073CE362DAFF}.Release|Any CPU.Build.0 = Release|Any CPU
		{F02E162A-3731-45A1-81FD-505A87533C2F}.Debug|Any CPU.ActiveCfg = Debug|Any CPU
		{F02E162A-3731-45A1-81FD-505A87533C2F}.Debug|Any CPU.Build.0 = Debug|Any CPU
		{F02E162A-3731-45A1-81FD-505A87533C2F}.Release|Any CPU.ActiveCfg = Release|Any CPU
		{F02E162A-3731-45A1-81FD-505A87533C2F}.Release|Any CPU.Build.0 = Release|Any CPU
	EndGlobalSection
	GlobalSection(SolutionProperties) = preSolution
		HideSolutionNode = FALSE
	EndGlobalSection
	GlobalSection(ExtensibilityGlobals) = postSolution
		SolutionGuid = {E74AFE7C-DF08-4788-8305-651D75FDC929}
	EndGlobalSection
EndGlobal
